
Microsoft Visual Studio Solution File, Format Version 12.00
# Visual Studio Version 16
VisualStudioVersion = 16.0.31515.178
MinimumVisualStudioVersion = 10.0.40219.1
Project("{FAE04EC0-301F-11D3-BF4B-00C04F79EFBC}") = "M01A02A", "M01A02A\M01A02A.csproj", "{7FDC0104-71DC-4998-942A-006A6ED67640}"
EndProject
Project("{FAE04EC0-301F-11D3-BF4B-00C04F79EFBC}") = "M01A02B", "M01A02B\M01A02B.csproj", "{A4CF0CEA-D125-4641-B143-D27FFF9659F7}"
EndProject
Project("{FAE04EC0-301F-11D3-BF4B-00C04F79EFBC}") = "AtividadeM01", "AtividadeM01\AtividadeM01.csproj", "{1E55D3AF-EE35-4FB3-B70B-FCA126889BA9}"
EndProject
Project("{FAE04EC0-301F-11D3-BF4B-00C04F79EFBC}") = "M01A02C", "M01A02C\M01A02C.csproj", "{E4CEAF07-365E-4339-AA2C-51A29930A83E}"
EndProject
Project("{FAE04EC0-301F-11D3-BF4B-00C04F79EFBC}") = "M01A03", "M01A03\M01A03.csproj", "{472218A7-0E78-40BE-92F6-BD01A0C7CF84}"
EndProject
Project("{FAE04EC0-301F-11D3-BF4B-00C04F79EFBC}") = "M01A04", "M01A04\M01A04.csproj", "{27F7BD41-5DA0-40BF-92DE-9174525B0305}"
EndProject
Project("{FAE04EC0-301F-11D3-BF4B-00C04F79EFBC}") = "M01A05A", "M01A05\M01A05A.csproj", "{4EAF5BA7-CD24-466D-8295-A011F5FFB316}"
EndProject
Project("{FAE04EC0-301F-11D3-BF4B-00C04F79EFBC}") = "M01A05B", "M01A05B\M01A05B.csproj", "{5E89145A-5A8E-44BE-A9EC-4071B5757402}"
EndProject
Project("{FAE04EC0-301F-11D3-BF4B-00C04F79EFBC}") = "M01A06", "M01A06\M01A06.csproj", "{1DA3A915-9A6D-420A-A68C-C5A6A1FB2BC6}"
EndProject
Project("{FAE04EC0-301F-11D3-BF4B-00C04F79EFBC}") = "M01A07", "M01A07\M01A07.csproj", "{B27726DD-B2A1-4EF9-B2BA-7E83D3690070}"
EndProject
Global
	GlobalSection(SolutionConfigurationPlatforms) = preSolution
		Debug|Any CPU = Debug|Any CPU
		Release|Any CPU = Release|Any CPU
	EndGlobalSection
	GlobalSection(ProjectConfigurationPlatforms) = postSolution
		{7FDC0104-71DC-4998-942A-006A6ED67640}.Debug|Any CPU.ActiveCfg = Debug|Any CPU
		{7FDC0104-71DC-4998-942A-006A6ED67640}.Debug|Any CPU.Build.0 = Debug|Any CPU
		{7FDC0104-71DC-4998-942A-006A6ED67640}.Release|Any CPU.ActiveCfg = Release|Any CPU
		{7FDC0104-71DC-4998-942A-006A6ED67640}.Release|Any CPU.Build.0 = Release|Any CPU
		{A4CF0CEA-D125-4641-B143-D27FFF9659F7}.Debug|Any CPU.ActiveCfg = Debug|Any CPU
		{A4CF0CEA-D125-4641-B143-D27FFF9659F7}.Debug|Any CPU.Build.0 = Debug|Any CPU
		{A4CF0CEA-D125-4641-B143-D27FFF9659F7}.Release|Any CPU.ActiveCfg = Release|Any CPU
		{A4CF0CEA-D125-4641-B143-D27FFF9659F7}.Release|Any CPU.Build.0 = Release|Any CPU
		{1E55D3AF-EE35-4FB3-B70B-FCA126889BA9}.Debug|Any CPU.ActiveCfg = Debug|Any CPU
		{1E55D3AF-EE35-4FB3-B70B-FCA126889BA9}.Debug|Any CPU.Build.0 = Debug|Any CPU
		{1E55D3AF-EE35-4FB3-B70B-FCA126889BA9}.Release|Any CPU.ActiveCfg = Release|Any CPU
		{1E55D3AF-EE35-4FB3-B70B-FCA126889BA9}.Release|Any CPU.Build.0 = Release|Any CPU
		{E4CEAF07-365E-4339-AA2C-51A29930A83E}.Debug|Any CPU.ActiveCfg = Debug|Any CPU
		{E4CEAF07-365E-4339-AA2C-51A29930A83E}.Debug|Any CPU.Build.0 = Debug|Any CPU
		{E4CEAF07-365E-4339-AA2C-51A29930A83E}.Release|Any CPU.ActiveCfg = Release|Any CPU
		{E4CEAF07-365E-4339-AA2C-51A29930A83E}.Release|Any CPU.Build.0 = Release|Any CPU
		{472218A7-0E78-40BE-92F6-BD01A0C7CF84}.Debug|Any CPU.ActiveCfg = Debug|Any CPU
		{472218A7-0E78-40BE-92F6-BD01A0C7CF84}.Debug|Any CPU.Build.0 = Debug|Any CPU
		{472218A7-0E78-40BE-92F6-BD01A0C7CF84}.Release|Any CPU.ActiveCfg = Release|Any CPU
		{472218A7-0E78-40BE-92F6-BD01A0C7CF84}.Release|Any CPU.Build.0 = Release|Any CPU
		{27F7BD41-5DA0-40BF-92DE-9174525B0305}.Debug|Any CPU.ActiveCfg = Debug|Any CPU
		{27F7BD41-5DA0-40BF-92DE-9174525B0305}.Debug|Any CPU.Build.0 = Debug|Any CPU
		{27F7BD41-5DA0-40BF-92DE-9174525B0305}.Release|Any CPU.ActiveCfg = Release|Any CPU
		{27F7BD41-5DA0-40BF-92DE-9174525B0305}.Release|Any CPU.Build.0 = Release|Any CPU
		{4EAF5BA7-CD24-466D-8295-A011F5FFB316}.Debug|Any CPU.ActiveCfg = Debug|Any CPU
		{4EAF5BA7-CD24-466D-8295-A011F5FFB316}.Debug|Any CPU.Build.0 = Debug|Any CPU
		{4EAF5BA7-CD24-466D-8295-A011F5FFB316}.Release|Any CPU.ActiveCfg = Release|Any CPU
		{4EAF5BA7-CD24-466D-8295-A011F5FFB316}.Release|Any CPU.Build.0 = Release|Any CPU
		{5E89145A-5A8E-44BE-A9EC-4071B5757402}.Debug|Any CPU.ActiveCfg = Debug|Any CPU
		{5E89145A-5A8E-44BE-A9EC-4071B5757402}.Debug|Any CPU.Build.0 = Debug|Any CPU
		{5E89145A-5A8E-44BE-A9EC-4071B5757402}.Release|Any CPU.ActiveCfg = Release|Any CPU
		{5E89145A-5A8E-44BE-A9EC-4071B5757402}.Release|Any CPU.Build.0 = Release|Any CPU
		{1DA3A915-9A6D-420A-A68C-C5A6A1FB2BC6}.Debug|Any CPU.ActiveCfg = Debug|Any CPU
		{1DA3A915-9A6D-420A-A68C-C5A6A1FB2BC6}.Debug|Any CPU.Build.0 = Debug|Any CPU
		{1DA3A915-9A6D-420A-A68C-C5A6A1FB2BC6}.Release|Any CPU.ActiveCfg = Release|Any CPU
		{1DA3A915-9A6D-420A-A68C-C5A6A1FB2BC6}.Release|Any CPU.Build.0 = Release|Any CPU
		{B27726DD-B2A1-4EF9-B2BA-7E83D3690070}.Debug|Any CPU.ActiveCfg = Debug|Any CPU
		{B27726DD-B2A1-4EF9-B2BA-7E83D3690070}.Debug|Any CPU.Build.0 = Debug|Any CPU
		{B27726DD-B2A1-4EF9-B2BA-7E83D3690070}.Release|Any CPU.ActiveCfg = Release|Any CPU
		{B27726DD-B2A1-4EF9-B2BA-7E83D3690070}.Release|Any CPU.Build.0 = Release|Any CPU
	EndGlobalSection
	GlobalSection(SolutionProperties) = preSolution
		HideSolutionNode = FALSE
	EndGlobalSection
	GlobalSection(ExtensibilityGlobals) = postSolution
		SolutionGuid = {4434CDDF-E7C2-401B-B9A2-D874ED79A518}
	EndGlobalSection
EndGlobal
